// !$*UTF8*$!
{
	archiveVersion = 1;
	classes = {
	};
	objectVersion = 46;
	objects = {

/* Begin PBXBuildFile section */
		172EDC6817E6B22500E525DA /* KPRSSViewController.m in Sources */ = {isa = PBXBuildFile; fileRef = 172EDC6617E6B22500E525DA /* KPRSSViewController.m */; };
		172EDC6917E6B22500E525DA /* KPRSSViewController.xib in Resources */ = {isa = PBXBuildFile; fileRef = 172EDC6717E6B22500E525DA /* KPRSSViewController.xib */; };
		1741A22E17B8D06D0072C84C /* SystemConfiguration.framework in Frameworks */ = {isa = PBXBuildFile; fileRef = 1741A22D17B8D06D0072C84C /* SystemConfiguration.framework */; };
		1741A23B17B8D8570072C84C /* Reachability.m in Sources */ = {isa = PBXBuildFile; fileRef = 1741A23A17B8D8570072C84C /* Reachability.m */; settings = {COMPILER_FLAGS = "-fno-objc-arc"; }; };
		174923FD17B7726E0019E0A2 /* NSString+KPStringHTMLHandling.m in Sources */ = {isa = PBXBuildFile; fileRef = 174923FC17B7726E0019E0A2 /* NSString+KPStringHTMLHandling.m */; };
		17538C4517B48F8F00A4CEBD /* UIKit.framework in Frameworks */ = {isa = PBXBuildFile; fileRef = 17538C4417B48F8F00A4CEBD /* UIKit.framework */; };
		17538C4717B48F8F00A4CEBD /* Foundation.framework in Frameworks */ = {isa = PBXBuildFile; fileRef = 17538C4617B48F8F00A4CEBD /* Foundation.framework */; };
		17538C4917B48F8F00A4CEBD /* CoreGraphics.framework in Frameworks */ = {isa = PBXBuildFile; fileRef = 17538C4817B48F8F00A4CEBD /* CoreGraphics.framework */; };
		17538C4F17B48F8F00A4CEBD /* InfoPlist.strings in Resources */ = {isa = PBXBuildFile; fileRef = 17538C4D17B48F8F00A4CEBD /* InfoPlist.strings */; };
		17538C5117B48F8F00A4CEBD /* main.m in Sources */ = {isa = PBXBuildFile; fileRef = 17538C5017B48F8F00A4CEBD /* main.m */; };
		17538C5517B48F8F00A4CEBD /* KPAppDelegate.m in Sources */ = {isa = PBXBuildFile; fileRef = 17538C5417B48F8F00A4CEBD /* KPAppDelegate.m */; };
		17538C5717B48F8F00A4CEBD /* Default.png in Resources */ = {isa = PBXBuildFile; fileRef = 17538C5617B48F8F00A4CEBD /* Default.png */; };
		17538C5917B48F8F00A4CEBD /* Default@2x.png in Resources */ = {isa = PBXBuildFile; fileRef = 17538C5817B48F8F00A4CEBD /* Default@2x.png */; };
		17538C5B17B48F8F00A4CEBD /* Default-568h@2x.png in Resources */ = {isa = PBXBuildFile; fileRef = 17538C5A17B48F8F00A4CEBD /* Default-568h@2x.png */; };
		17538C6917B493CA00A4CEBD /* KPArticle.m in Sources */ = {isa = PBXBuildFile; fileRef = 17538C6817B493C900A4CEBD /* KPArticle.m */; };
		17538C6D17B4994F00A4CEBD /* KPArticleController.m in Sources */ = {isa = PBXBuildFile; fileRef = 17538C6B17B4994F00A4CEBD /* KPArticleController.m */; };
		17538C6E17B4994F00A4CEBD /* KPArticleController.xib in Resources */ = {isa = PBXBuildFile; fileRef = 17538C6C17B4994F00A4CEBD /* KPArticleController.xib */; };
		1755807917FAA2150056B273 /* KPAddRSSController.m in Sources */ = {isa = PBXBuildFile; fileRef = 1755807717FAA2150056B273 /* KPAddRSSController.m */; };
		1755807A17FAA2150056B273 /* KPAddRSSController.xib in Resources */ = {isa = PBXBuildFile; fileRef = 1755807817FAA2150056B273 /* KPAddRSSController.xib */; };
		1783932417B4A7A300A9393D /* KPArticleRepository.m in Sources */ = {isa = PBXBuildFile; fileRef = 1783932317B4A7A300A9393D /* KPArticleRepository.m */; };
		17B5D3C017B7D25A004D55E6 /* KPTableViewController.m in Sources */ = {isa = PBXBuildFile; fileRef = 17B5D3BE17B7D25A004D55E6 /* KPTableViewController.m */; };
		17B5D3C117B7D25A004D55E6 /* KPTableViewController.xib in Resources */ = {isa = PBXBuildFile; fileRef = 17B5D3BF17B7D25A004D55E6 /* KPTableViewController.xib */; };
/* End PBXBuildFile section */

/* Begin PBXFileReference section */
		172EDC6517E6B22500E525DA /* KPRSSViewController.h */ = {isa = PBXFileReference; fileEncoding = 4; lastKnownFileType = sourcecode.c.h; path = KPRSSViewController.h; sourceTree = "<group>"; };
		172EDC6617E6B22500E525DA /* KPRSSViewController.m */ = {isa = PBXFileReference; fileEncoding = 4; lastKnownFileType = sourcecode.c.objc; path = KPRSSViewController.m; sourceTree = "<group>"; };
		172EDC6717E6B22500E525DA /* KPRSSViewController.xib */ = {isa = PBXFileReference; fileEncoding = 4; lastKnownFileType = file.xib; path = KPRSSViewController.xib; sourceTree = "<group>"; };
		1741A22D17B8D06D0072C84C /* SystemConfiguration.framework */ = {isa = PBXFileReference; lastKnownFileType = wrapper.framework; name = SystemConfiguration.framework; path = System/Library/Frameworks/SystemConfiguration.framework; sourceTree = SDKROOT; };
		1741A23917B8D8570072C84C /* Reachability.h */ = {isa = PBXFileReference; fileEncoding = 4; lastKnownFileType = sourcecode.c.h; path = Reachability.h; sourceTree = "<group>"; };
		1741A23A17B8D8570072C84C /* Reachability.m */ = {isa = PBXFileReference; fileEncoding = 4; lastKnownFileType = sourcecode.c.objc; path = Reachability.m; sourceTree = "<group>"; };
		174923FB17B7726E0019E0A2 /* NSString+KPStringHTMLHandling.h */ = {isa = PBXFileReference; fileEncoding = 4; lastKnownFileType = sourcecode.c.h; path = "NSString+KPStringHTMLHandling.h"; sourceTree = "<group>"; };
		174923FC17B7726E0019E0A2 /* NSString+KPStringHTMLHandling.m */ = {isa = PBXFileReference; fileEncoding = 4; lastKnownFileType = sourcecode.c.objc; path = "NSString+KPStringHTMLHandling.m"; sourceTree = "<group>"; };
		17538C4117B48F8F00A4CEBD /* Paper Clip.app */ = {isa = PBXFileReference; explicitFileType = wrapper.application; includeInIndex = 0; path = "Paper Clip.app"; sourceTree = BUILT_PRODUCTS_DIR; };
		17538C4417B48F8F00A4CEBD /* UIKit.framework */ = {isa = PBXFileReference; lastKnownFileType = wrapper.framework; name = UIKit.framework; path = System/Library/Frameworks/UIKit.framework; sourceTree = SDKROOT; };
		17538C4617B48F8F00A4CEBD /* Foundation.framework */ = {isa = PBXFileReference; lastKnownFileType = wrapper.framework; name = Foundation.framework; path = System/Library/Frameworks/Foundation.framework; sourceTree = SDKROOT; };
		17538C4817B48F8F00A4CEBD /* CoreGraphics.framework */ = {isa = PBXFileReference; lastKnownFileType = wrapper.framework; name = CoreGraphics.framework; path = System/Library/Frameworks/CoreGraphics.framework; sourceTree = SDKROOT; };
		17538C4C17B48F8F00A4CEBD /* Paper Clip-Info.plist */ = {isa = PBXFileReference; lastKnownFileType = text.plist.xml; path = "Paper Clip-Info.plist"; sourceTree = "<group>"; };
		17538C4E17B48F8F00A4CEBD /* en */ = {isa = PBXFileReference; lastKnownFileType = text.plist.strings; name = en; path = en.lproj/InfoPlist.strings; sourceTree = "<group>"; };
		17538C5017B48F8F00A4CEBD /* main.m */ = {isa = PBXFileReference; lastKnownFileType = sourcecode.c.objc; path = main.m; sourceTree = "<group>"; };
		17538C5217B48F8F00A4CEBD /* Paper Clip-Prefix.pch */ = {isa = PBXFileReference; lastKnownFileType = sourcecode.c.h; path = "Paper Clip-Prefix.pch"; sourceTree = "<group>"; };
		17538C5317B48F8F00A4CEBD /* KPAppDelegate.h */ = {isa = PBXFileReference; lastKnownFileType = sourcecode.c.h; path = KPAppDelegate.h; sourceTree = "<group>"; };
		17538C5417B48F8F00A4CEBD /* KPAppDelegate.m */ = {isa = PBXFileReference; lastKnownFileType = sourcecode.c.objc; path = KPAppDelegate.m; sourceTree = "<group>"; };
		17538C5617B48F8F00A4CEBD /* Default.png */ = {isa = PBXFileReference; lastKnownFileType = image.png; path = Default.png; sourceTree = "<group>"; };
		17538C5817B48F8F00A4CEBD /* Default@2x.png */ = {isa = PBXFileReference; lastKnownFileType = image.png; path = "Default@2x.png"; sourceTree = "<group>"; };
		17538C5A17B48F8F00A4CEBD /* Default-568h@2x.png */ = {isa = PBXFileReference; lastKnownFileType = image.png; path = "Default-568h@2x.png"; sourceTree = "<group>"; };
		17538C6717B493C900A4CEBD /* KPArticle.h */ = {isa = PBXFileReference; fileEncoding = 4; lastKnownFileType = sourcecode.c.h; path = KPArticle.h; sourceTree = "<group>"; };
		17538C6817B493C900A4CEBD /* KPArticle.m */ = {isa = PBXFileReference; fileEncoding = 4; lastKnownFileType = sourcecode.c.objc; path = KPArticle.m; sourceTree = "<group>"; };
		17538C6A17B4994F00A4CEBD /* KPArticleController.h */ = {isa = PBXFileReference; fileEncoding = 4; lastKnownFileType = sourcecode.c.h; path = KPArticleController.h; sourceTree = "<group>"; };
		17538C6B17B4994F00A4CEBD /* KPArticleController.m */ = {isa = PBXFileReference; fileEncoding = 4; lastKnownFileType = sourcecode.c.objc; path = KPArticleController.m; sourceTree = "<group>"; };
		17538C6C17B4994F00A4CEBD /* KPArticleController.xib */ = {isa = PBXFileReference; fileEncoding = 4; lastKnownFileType = file.xib; path = KPArticleController.xib; sourceTree = "<group>"; };
		1755807617FAA2150056B273 /* KPAddRSSController.h */ = {isa = PBXFileReference; fileEncoding = 4; lastKnownFileType = sourcecode.c.h; path = KPAddRSSController.h; sourceTree = "<group>"; };
		1755807717FAA2150056B273 /* KPAddRSSController.m */ = {isa = PBXFileReference; fileEncoding = 4; lastKnownFileType = sourcecode.c.objc; path = KPAddRSSController.m; sourceTree = "<group>"; };
		1755807817FAA2150056B273 /* KPAddRSSController.xib */ = {isa = PBXFileReference; fileEncoding = 4; lastKnownFileType = file.xib; path = KPAddRSSController.xib; sourceTree = "<group>"; };
		1783932017B4A6AE00A9393D /* KPArticleRepository.h */ = {isa = PBXFileReference; lastKnownFileType = sourcecode.c.h; path = KPArticleRepository.h; sourceTree = "<group>"; };
		1783932317B4A7A300A9393D /* KPArticleRepository.m */ = {isa = PBXFileReference; fileEncoding = 4; lastKnownFileType = sourcecode.c.objc; path = KPArticleRepository.m; sourceTree = "<group>"; };
		17B5D3BD17B7D259004D55E6 /* KPTableViewController.h */ = {isa = PBXFileReference; fileEncoding = 4; lastKnownFileType = sourcecode.c.h; path = KPTableViewController.h; sourceTree = "<group>"; };
		17B5D3BE17B7D25A004D55E6 /* KPTableViewController.m */ = {isa = PBXFileReference; fileEncoding = 4; lastKnownFileType = sourcecode.c.objc; path = KPTableViewController.m; sourceTree = "<group>"; };
		17B5D3BF17B7D25A004D55E6 /* KPTableViewController.xib */ = {isa = PBXFileReference; fileEncoding = 4; lastKnownFileType = file.xib; path = KPTableViewController.xib; sourceTree = "<group>"; };
/* End PBXFileReference section */

/* Begin PBXFrameworksBuildPhase section */
		17538C3E17B48F8F00A4CEBD /* Frameworks */ = {
			isa = PBXFrameworksBuildPhase;
			buildActionMask = 2147483647;
			files = (
				1741A22E17B8D06D0072C84C /* SystemConfiguration.framework in Frameworks */,
				17538C4517B48F8F00A4CEBD /* UIKit.framework in Frameworks */,
				17538C4717B48F8F00A4CEBD /* Foundation.framework in Frameworks */,
				17538C4917B48F8F00A4CEBD /* CoreGraphics.framework in Frameworks */,
			);
			runOnlyForDeploymentPostprocessing = 0;
		};
/* End PBXFrameworksBuildPhase section */

/* Begin PBXGroup section */
		17538C3817B48F8F00A4CEBD = {
			isa = PBXGroup;
			children = (
				17538C4A17B48F8F00A4CEBD /* Paper Clip */,
				17538C4317B48F8F00A4CEBD /* Frameworks */,
				17538C4217B48F8F00A4CEBD /* Products */,
			);
			sourceTree = "<group>";
		};
		17538C4217B48F8F00A4CEBD /* Products */ = {
			isa = PBXGroup;
			children = (
				17538C4117B48F8F00A4CEBD /* Paper Clip.app */,
			);
			name = Products;
			sourceTree = "<group>";
		};
		17538C4317B48F8F00A4CEBD /* Frameworks */ = {
			isa = PBXGroup;
			children = (
				17538C4417B48F8F00A4CEBD /* UIKit.framework */,
				17538C4617B48F8F00A4CEBD /* Foundation.framework */,
				17538C4817B48F8F00A4CEBD /* CoreGraphics.framework */,
				1741A22D17B8D06D0072C84C /* SystemConfiguration.framework */,
			);
			name = Frameworks;
			sourceTree = "<group>";
		};
		17538C4A17B48F8F00A4CEBD /* Paper Clip */ = {
			isa = PBXGroup;
			children = (
				1783931F17B4A63000A9393D /* Model */,
				17538C5317B48F8F00A4CEBD /* KPAppDelegate.h */,
				17538C5417B48F8F00A4CEBD /* KPAppDelegate.m */,
				17B5D3BD17B7D259004D55E6 /* KPTableViewController.h */,
				17B5D3BE17B7D25A004D55E6 /* KPTableViewController.m */,
				17B5D3BF17B7D25A004D55E6 /* KPTableViewController.xib */,
				17538C4B17B48F8F00A4CEBD /* Supporting Files */,
				17538C6717B493C900A4CEBD /* KPArticle.h */,
				17538C6817B493C900A4CEBD /* KPArticle.m */,
				17538C6A17B4994F00A4CEBD /* KPArticleController.h */,
				17538C6B17B4994F00A4CEBD /* KPArticleController.m */,
				17538C6C17B4994F00A4CEBD /* KPArticleController.xib */,
				174923FB17B7726E0019E0A2 /* NSString+KPStringHTMLHandling.h */,
				174923FC17B7726E0019E0A2 /* NSString+KPStringHTMLHandling.m */,
				1741A23917B8D8570072C84C /* Reachability.h */,
				1741A23A17B8D8570072C84C /* Reachability.m */,
				172EDC6517E6B22500E525DA /* KPRSSViewController.h */,
				172EDC6617E6B22500E525DA /* KPRSSViewController.m */,
				172EDC6717E6B22500E525DA /* KPRSSViewController.xib */,
				1755807617FAA2150056B273 /* KPAddRSSController.h */,
				1755807717FAA2150056B273 /* KPAddRSSController.m */,
				1755807817FAA2150056B273 /* KPAddRSSController.xib */,
			);
			path = "Paper Clip";
			sourceTree = "<group>";
		};
		17538C4B17B48F8F00A4CEBD /* Supporting Files */ = {
			isa = PBXGroup;
			children = (
				17538C4C17B48F8F00A4CEBD /* Paper Clip-Info.plist */,
				17538C4D17B48F8F00A4CEBD /* InfoPlist.strings */,
				17538C5017B48F8F00A4CEBD /* main.m */,
				17538C5217B48F8F00A4CEBD /* Paper Clip-Prefix.pch */,
				17538C5617B48F8F00A4CEBD /* Default.png */,
				17538C5817B48F8F00A4CEBD /* Default@2x.png */,
				17538C5A17B48F8F00A4CEBD /* Default-568h@2x.png */,
			);
			name = "Supporting Files";
			sourceTree = "<group>";
		};
		1783931F17B4A63000A9393D /* Model */ = {
			isa = PBXGroup;
			children = (
				1783932017B4A6AE00A9393D /* KPArticleRepository.h */,
				1783932317B4A7A300A9393D /* KPArticleRepository.m */,
			);
			name = Model;
			sourceTree = "<group>";
		};
/* End PBXGroup section */

/* Begin PBXNativeTarget section */
		17538C4017B48F8F00A4CEBD /* Paper Clip */ = {
			isa = PBXNativeTarget;
			buildConfigurationList = 17538C6417B48F8F00A4CEBD /* Build configuration list for PBXNativeTarget "Paper Clip" */;
			buildPhases = (
				17538C3D17B48F8F00A4CEBD /* Sources */,
				17538C3E17B48F8F00A4CEBD /* Frameworks */,
				17538C3F17B48F8F00A4CEBD /* Resources */,
			);
			buildRules = (
			);
			dependencies = (
			);
			name = "Paper Clip";
			productName = "Paper Clip";
			productReference = 17538C4117B48F8F00A4CEBD /* Paper Clip.app */;
			productType = "com.apple.product-type.application";
		};
/* End PBXNativeTarget section */

/* Begin PBXProject section */
		17538C3917B48F8F00A4CEBD /* Project object */ = {
			isa = PBXProject;
			attributes = {
				CLASSPREFIX = KP;
				LastUpgradeCheck = 0460;
				ORGANIZATIONNAME = "Kristian Pennacchia";
			};
			buildConfigurationList = 17538C3C17B48F8F00A4CEBD /* Build configuration list for PBXProject "Paper Clip" */;
			compatibilityVersion = "Xcode 3.2";
			developmentRegion = English;
			hasScannedForEncodings = 0;
			knownRegions = (
				en,
			);
			mainGroup = 17538C3817B48F8F00A4CEBD;
			productRefGroup = 17538C4217B48F8F00A4CEBD /* Products */;
			projectDirPath = "";
			projectRoot = "";
			targets = (
				17538C4017B48F8F00A4CEBD /* Paper Clip */,
			);
		};
/* End PBXProject section */

/* Begin PBXResourcesBuildPhase section */
		17538C3F17B48F8F00A4CEBD /* Resources */ = {
			isa = PBXResourcesBuildPhase;
			buildActionMask = 2147483647;
			files = (
				17538C4F17B48F8F00A4CEBD /* InfoPlist.strings in Resources */,
				17538C5717B48F8F00A4CEBD /* Default.png in Resources */,
				17538C5917B48F8F00A4CEBD /* Default@2x.png in Resources */,
				17538C5B17B48F8F00A4CEBD /* Default-568h@2x.png in Resources */,
				17538C6E17B4994F00A4CEBD /* KPArticleController.xib in Resources */,
				17B5D3C117B7D25A004D55E6 /* KPTableViewController.xib in Resources */,
				172EDC6917E6B22500E525DA /* KPRSSViewController.xib in Resources */,
				1755807A17FAA2150056B273 /* KPAddRSSController.xib in Resources */,
			);
			runOnlyForDeploymentPostprocessing = 0;
		};
/* End PBXResourcesBuildPhase section */

/* Begin PBXSourcesBuildPhase section */
		17538C3D17B48F8F00A4CEBD /* Sources */ = {
			isa = PBXSourcesBuildPhase;
			buildActionMask = 2147483647;
			files = (
				17538C5117B48F8F00A4CEBD /* main.m in Sources */,
				1755807917FAA2150056B273 /* KPAddRSSController.m in Sources */,
				17538C5517B48F8F00A4CEBD /* KPAppDelegate.m in Sources */,
				17538C6917B493CA00A4CEBD /* KPArticle.m in Sources */,
				17538C6D17B4994F00A4CEBD /* KPArticleController.m in Sources */,
				1783932417B4A7A300A9393D /* KPArticleRepository.m in Sources */,
				174923FD17B7726E0019E0A2 /* NSString+KPStringHTMLHandling.m in Sources */,
				17B5D3C017B7D25A004D55E6 /* KPTableViewController.m in Sources */,
				1741A23B17B8D8570072C84C /* Reachability.m in Sources */,
				172EDC6817E6B22500E525DA /* KPRSSViewController.m in Sources */,
			);
			runOnlyForDeploymentPostprocessing = 0;
		};
/* End PBXSourcesBuildPhase section */

/* Begin PBXVariantGroup section */
		17538C4D17B48F8F00A4CEBD /* InfoPlist.strings */ = {
			isa = PBXVariantGroup;
			children = (
				17538C4E17B48F8F00A4CEBD /* en */,
			);
			name = InfoPlist.strings;
			sourceTree = "<group>";
		};
/* End PBXVariantGroup section */

/* Begin XCBuildConfiguration section */
		17538C6217B48F8F00A4CEBD /* Debug */ = {
			isa = XCBuildConfiguration;
			buildSettings = {
				ALWAYS_SEARCH_USER_PATHS = NO;
				CLANG_CXX_LANGUAGE_STANDARD = "gnu++0x";
				CLANG_CXX_LIBRARY = "libc++";
				CLANG_ENABLE_OBJC_ARC = YES;
				CLANG_WARN_CONSTANT_CONVERSION = YES;
				CLANG_WARN_EMPTY_BODY = YES;
				CLANG_WARN_ENUM_CONVERSION = YES;
				CLANG_WARN_INT_CONVERSION = YES;
				CLANG_WARN__DUPLICATE_METHOD_MATCH = YES;
				"CODE_SIGN_IDENTITY[sdk=iphoneos*]" = "iPhone Developer";
				COPY_PHASE_STRIP = NO;
				GCC_C_LANGUAGE_STANDARD = gnu99;
				GCC_DYNAMIC_NO_PIC = NO;
				GCC_OPTIMIZATION_LEVEL = 0;
				GCC_PREPROCESSOR_DEFINITIONS = (
					"DEBUG=1",
					"$(inherited)",
				);
				GCC_SYMBOLS_PRIVATE_EXTERN = NO;
				GCC_WARN_ABOUT_RETURN_TYPE = YES;
				GCC_WARN_UNINITIALIZED_AUTOS = YES;
				GCC_WARN_UNUSED_VARIABLE = YES;
				IPHONEOS_DEPLOYMENT_TARGET = 6.1;
				ONLY_ACTIVE_ARCH = YES;
				SDKROOT = iphoneos;
			};
			name = Debug;
		};
		17538C6317B48F8F00A4CEBD /* Release */ = {
			isa = XCBuildConfiguration;
			buildSettings = {
				ALWAYS_SEARCH_USER_PATHS = NO;
				CLANG_CXX_LANGUAGE_STANDARD = "gnu++0x";
				CLANG_CXX_LIBRARY = "libc++";
				CLANG_ENABLE_OBJC_ARC = YES;
				CLANG_WARN_CONSTANT_CONVERSION = YES;
				CLANG_WARN_EMPTY_BODY = YES;
				CLANG_WARN_ENUM_CONVERSION = YES;
				CLANG_WARN_INT_CONVERSION = YES;
				CLANG_WARN__DUPLICATE_METHOD_MATCH = YES;
				"CODE_SIGN_IDENTITY[sdk=iphoneos*]" = "iPhone Developer";
				COPY_PHASE_STRIP = YES;
				GCC_C_LANGUAGE_STANDARD = gnu99;
				GCC_WARN_ABOUT_RETURN_TYPE = YES;
				GCC_WARN_UNINITIALIZED_AUTOS = YES;
				GCC_WARN_UNUSED_VARIABLE = YES;
				IPHONEOS_DEPLOYMENT_TARGET = 6.1;
				OTHER_CFLAGS = "-DNS_BLOCK_ASSERTIONS=1";
				SDKROOT = iphoneos;
				VALIDATE_PRODUCT = YES;
			};
			name = Release;
		};
		17538C6517B48F8F00A4CEBD /* Debug */ = {
			isa = XCBuildConfiguration;
			buildSettings = {
				GCC_PRECOMPILE_PREFIX_HEADER = YES;
				GCC_PREFIX_HEADER = "Paper Clip/Paper Clip-Prefix.pch";
				INFOPLIST_FILE = "Paper Clip/Paper Clip-Info.plist";
				PRODUCT_NAME = "$(TARGET_NAME)";
				WRAPPER_EXTENSION = app;
			};
			name = Debug;
		};
		17538C6617B48F8F00A4CEBD /* Release */ = {
			isa = XCBuildConfiguration;
			buildSettings = {
				GCC_PRECOMPILE_PREFIX_HEADER = YES;
				GCC_PREFIX_HEADER = "Paper Clip/Paper Clip-Prefix.pch";
				INFOPLIST_FILE = "Paper Clip/Paper Clip-Info.plist";
				PRODUCT_NAME = "$(TARGET_NAME)";
				WRAPPER_EXTENSION = app;
			};
			name = Release;
		};
/* End XCBuildConfiguration section */

/* Begin XCConfigurationList section */
		17538C3C17B48F8F00A4CEBD /* Build configuration list for PBXProject "Paper Clip" */ = {
			isa = XCConfigurationList;
			buildConfigurations = (
				17538C6217B48F8F00A4CEBD /* Debug */,
				17538C6317B48F8F00A4CEBD /* Release */,
			);
			defaultConfigurationIsVisible = 0;
			defaultConfigurationName = Release;
		};
		17538C6417B48F8F00A4CEBD /* Build configuration list for PBXNativeTarget "Paper Clip" */ = {
			isa = XCConfigurationList;
			buildConfigurations = (
				17538C6517B48F8F00A4CEBD /* Debug */,
				17538C6617B48F8F00A4CEBD /* Release */,
			);
			defaultConfigurationIsVisible = 0;
			defaultConfigurationName = Release;
		};
/* End XCConfigurationList section */
	};
	rootObject = 17538C3917B48F8F00A4CEBD /* Project object */;
}
